
Microsoft Visual Studio Solution File, Format Version 12.00
# Visual Studio Version 17
VisualStudioVersion = 17.1.32421.90
MinimumVisualStudioVersion = 10.0.40219.1
Project("{FAE04EC0-301F-11D3-BF4B-00C04F79EFBC}") = "ToDoList3", "ToDoList3.csproj", "{775FD6D1-5EF4-4BD1-905D-0B9F11F15410}"
EndProject
Global
	GlobalSection(SolutionConfigurationPlatforms) = preSolution
		Debug|Any CPU = Debug|Any CPU
		Release|Any CPU = Release|Any CPU
	EndGlobalSection
	GlobalSection(ProjectConfigurationPlatforms) = postSolution
		{775FD6D1-5EF4-4BD1-905D-0B9F11F15410}.Debug|Any CPU.ActiveCfg = Debug|Any CPU
		{775FD6D1-5EF4-4BD1-905D-0B9F11F15410}.Debug|Any CPU.Build.0 = Debug|Any CPU
		{775FD6D1-5EF4-4BD1-905D-0B9F11F15410}.Release|Any CPU.ActiveCfg = Release|Any CPU
		{775FD6D1-5EF4-4BD1-905D-0B9F11F15410}.Release|Any CPU.Build.0 = Release|Any CPU
	EndGlobalSection
	GlobalSection(SolutionProperties) = preSolution
		HideSolutionNode = FALSE
	EndGlobalSection
	GlobalSection(ExtensibilityGlobals) = postSolution
		SolutionGuid = {6291FB14-0C62-4FB6-B720-5BEA315CB8BD}
	EndGlobalSection
EndGlobal
